# This file is generated by running "yarn install" inside your project.
# Manual changes might be lost - proceed with caution!

__metadata:
  version: 8
  cacheKey: 10c0

"01_A_Good_First_Program@workspace:subprojects/01_A_Good_First_Program":
  version: 0.0.0-use.local
  resolution: "01_A_Good_First_Program@workspace:subprojects/01_A_Good_First_Program"
  languageName: unknown
  linkType: soft

"02_Comments_and_Pound_Characters@workspace:subprojects/02_Comments_and_Pound_Characters":
  version: 0.0.0-use.local
  resolution: "02_Comments_and_Pound_Characters@workspace:subprojects/02_Comments_and_Pound_Characters"
  languageName: unknown
  linkType: soft

"03_Numbers_and_Math@workspace:subprojects/03_Numbers_and_Math":
  version: 0.0.0-use.local
  resolution: "03_Numbers_and_Math@workspace:subprojects/03_Numbers_and_Math"
  languageName: unknown
  linkType: soft

"04_Variables_and_Names@workspace:subprojects/04_Variables_and_Names":
  version: 0.0.0-use.local
  resolution: "04_Variables_and_Names@workspace:subprojects/04_Variables_and_Names"
  languageName: unknown
  linkType: soft

"05_More_Variables_and_Printing@workspace:subprojects/05_More_Variables_and_Printing":
  version: 0.0.0-use.local
  resolution: "05_More_Variables_and_Printing@workspace:subprojects/05_More_Variables_and_Printing"
  languageName: unknown
  linkType: soft

"06_Strings_and_Text@workspace:subprojects/06_Strings_and_Text":
  version: 0.0.0-use.local
  resolution: "06_Strings_and_Text@workspace:subprojects/06_Strings_and_Text"
  languageName: unknown
  linkType: soft

"07_Combining_Strings@workspace:subprojects/07_Combining_Strings":
  version: 0.0.0-use.local
  resolution: "07_Combining_Strings@workspace:subprojects/07_Combining_Strings"
  languageName: unknown
  linkType: soft

"08_Formatting_Strings_Manually@workspace:subprojects/08_Formatting_Strings_Manually":
  version: 0.0.0-use.local
  resolution: "08_Formatting_Strings_Manually@workspace:subprojects/08_Formatting_Strings_Manually"
  languageName: unknown
  linkType: soft

"09_Multi_line_Strings@workspace:subprojects/09_Multi_line_Strings":
  version: 0.0.0-use.local
  resolution: "09_Multi_line_Strings@workspace:subprojects/09_Multi_line_Strings"
  languageName: unknown
  linkType: soft

"10_Escape_Codes_in_Strings@workspace:subprojects/10_Escape_Codes_in_Strings":
  version: 0.0.0-use.local
  resolution: "10_Escape_Codes_in_Strings@workspace:subprojects/10_Escape_Codes_in_Strings"
  languageName: unknown
  linkType: soft

"11_Asking_People_Questions@workspace:subprojects/11_Asking_People_Questions":
  version: 0.0.0-use.local
  resolution: "11_Asking_People_Questions@workspace:subprojects/11_Asking_People_Questions"
  languageName: unknown
  linkType: soft

"12_An_Easier_Way_to_Prompt@workspace:subprojects/12_An_Easier_Way_to_Prompt":
  version: 0.0.0-use.local
  resolution: "12_An_Easier_Way_to_Prompt@workspace:subprojects/12_An_Easier_Way_to_Prompt"
  languageName: unknown
  linkType: soft

"13_Parameters_Unpacking_Variables@workspace:subprojects/13_Parameters_Unpacking_Variables":
  version: 0.0.0-use.local
  resolution: "13_Parameters_Unpacking_Variables@workspace:subprojects/13_Parameters_Unpacking_Variables"
  languageName: unknown
  linkType: soft

"14_Prompting_and_Passing@workspace:subprojects/14_Prompting_and_Passing":
  version: 0.0.0-use.local
  resolution: "14_Prompting_and_Passing@workspace:subprojects/14_Prompting_and_Passing"
  languageName: unknown
  linkType: soft

"15_Reading_Files@workspace:subprojects/15_Reading_Files":
  version: 0.0.0-use.local
  resolution: "15_Reading_Files@workspace:subprojects/15_Reading_Files"
  languageName: unknown
  linkType: soft

"16_Reading_and_Writing_Files@workspace:subprojects/16_Reading_and_Writing_Files":
  version: 0.0.0-use.local
  resolution: "16_Reading_and_Writing_Files@workspace:subprojects/16_Reading_and_Writing_Files"
  languageName: unknown
  linkType: soft

"17_More_Files@workspace:subprojects/17_More_Files":
  version: 0.0.0-use.local
  resolution: "17_More_Files@workspace:subprojects/17_More_Files"
  languageName: unknown
  linkType: soft

"18_Names_Variables_Code_Functions@workspace:subprojects/18_Names_Variables_Code_Functions":
  version: 0.0.0-use.local
  resolution: "18_Names_Variables_Code_Functions@workspace:subprojects/18_Names_Variables_Code_Functions"
  languageName: unknown
  linkType: soft

"19_Functions_and_Variables@workspace:subprojects/19_Functions_and_Variables":
  version: 0.0.0-use.local
  resolution: "19_Functions_and_Variables@workspace:subprojects/19_Functions_and_Variables"
  languageName: unknown
  linkType: soft

"1_A_Good_First_Program@workspace:subprojects/1_A_Good_First_Program":
  version: 0.0.0-use.local
  resolution: "1_A_Good_First_Program@workspace:subprojects/1_A_Good_First_Program"
  languageName: unknown
  linkType: soft

"20_Functions_and_Files@workspace:subprojects/20_Functions_and_Files":
  version: 0.0.0-use.local
  resolution: "20_Functions_and_Files@workspace:subprojects/20_Functions_and_Files"
  languageName: unknown
  linkType: soft

"21_Functions_Can_Return_Something@workspace:subprojects/21_Functions_Can_Return_Something":
  version: 0.0.0-use.local
  resolution: "21_Functions_Can_Return_Something@workspace:subprojects/21_Functions_Can_Return_Something"
  languageName: unknown
  linkType: soft

"22_Strings_Bytes_and_Character_Encodings@workspace:subprojects/22_Strings_Bytes_and_Character_Encodings":
  version: 0.0.0-use.local
  resolution: "22_Strings_Bytes_and_Character_Encodings@workspace:subprojects/22_Strings_Bytes_and_Character_Encodings"
  languageName: unknown
  linkType: soft

"23_Introductory_Lists@workspace:subprojects/23_Introductory_Lists":
  version: 0.0.0-use.local
  resolution: "23_Introductory_Lists@workspace:subprojects/23_Introductory_Lists"
  languageName: unknown
  linkType: soft

"24_Introductory_Dictionaries@workspace:subprojects/24_Introductory_Dictionaries":
  version: 0.0.0-use.local
  resolution: "24_Introductory_Dictionaries@workspace:subprojects/24_Introductory_Dictionaries"
  languageName: unknown
  linkType: soft

"25_Dictionaries_and_Functions@workspace:subprojects/25_Dictionaries_and_Functions":
  version: 0.0.0-use.local
  resolution: "25_Dictionaries_and_Functions@workspace:subprojects/25_Dictionaries_and_Functions"
  languageName: unknown
  linkType: soft

"26_Dictionaries_and_Modules@workspace:subprojects/26_Dictionaries_and_Modules":
  version: 0.0.0-use.local
  resolution: "26_Dictionaries_and_Modules@workspace:subprojects/26_Dictionaries_and_Modules"
  languageName: unknown
  linkType: soft

"27_The_5_Simple_Rules_to_the_Game_of_Code@workspace:subprojects/27_The_5_Simple_Rules_to_the_Game_of_Code":
  version: 0.0.0-use.local
  resolution: "27_The_5_Simple_Rules_to_the_Game_of_Code@workspace:subprojects/27_The_5_Simple_Rules_to_the_Game_of_Code"
  languageName: unknown
  linkType: soft

"28_Memorizing_Logic@workspace:subprojects/28_Memorizing_Logic":
  version: 0.0.0-use.local
  resolution: "28_Memorizing_Logic@workspace:subprojects/28_Memorizing_Logic"
  languageName: unknown
  linkType: soft

"29_Boolean_Practice@workspace:subprojects/29_Boolean_Practice":
  version: 0.0.0-use.local
  resolution: "29_Boolean_Practice@workspace:subprojects/29_Boolean_Practice"
  languageName: unknown
  linkType: soft

"30_What_If@workspace:subprojects/30_What_If":
  version: 0.0.0-use.local
  resolution: "30_What_If@workspace:subprojects/30_What_If"
  languageName: unknown
  linkType: soft

"31_Else_and_If@workspace:subprojects/31_Else_and_If":
  version: 0.0.0-use.local
  resolution: "31_Else_and_If@workspace:subprojects/31_Else_and_If"
  languageName: unknown
  linkType: soft

"32_Making_Decisions@workspace:subprojects/32_Making_Decisions":
  version: 0.0.0-use.local
  resolution: "32_Making_Decisions@workspace:subprojects/32_Making_Decisions"
  languageName: unknown
  linkType: soft

"33_Loops_and_Lists@workspace:subprojects/33_Loops_and_Lists":
  version: 0.0.0-use.local
  resolution: "33_Loops_and_Lists@workspace:subprojects/33_Loops_and_Lists"
  languageName: unknown
  linkType: soft

"34_While_Loops@workspace:subprojects/34_While_Loops":
  version: 0.0.0-use.local
  resolution: "34_While_Loops@workspace:subprojects/34_While_Loops"
  languageName: unknown
  linkType: soft

"35_Branches_and_Functions@workspace:subprojects/35_Branches_and_Functions":
  version: 0.0.0-use.local
  resolution: "35_Branches_and_Functions@workspace:subprojects/35_Branches_and_Functions"
  languageName: unknown
  linkType: soft

"36_Designing_and_Debugging@workspace:subprojects/36_Designing_and_Debugging":
  version: 0.0.0-use.local
  resolution: "36_Designing_and_Debugging@workspace:subprojects/36_Designing_and_Debugging"
  languageName: unknown
  linkType: soft

"37_Symbol_Review@workspace:subprojects/37_Symbol_Review":
  version: 0.0.0-use.local
  resolution: "37_Symbol_Review@workspace:subprojects/37_Symbol_Review"
  languageName: unknown
  linkType: soft

"38_Beyond_Jupyter_for_Windows@workspace:subprojects/38_Beyond_Jupyter_for_Windows":
  version: 0.0.0-use.local
  resolution: "38_Beyond_Jupyter_for_Windows@workspace:subprojects/38_Beyond_Jupyter_for_Windows"
  languageName: unknown
  linkType: soft

"39_Beyond_Jupyter_for_macOS_Linux@workspace:subprojects/39_Beyond_Jupyter_for_macOS_Linux":
  version: 0.0.0-use.local
  resolution: "39_Beyond_Jupyter_for_macOS_Linux@workspace:subprojects/39_Beyond_Jupyter_for_macOS_Linux"
  languageName: unknown
  linkType: soft

"40_Advanced_Developer_Tools@workspace:subprojects/40_Advanced_Developer_Tools":
  version: 0.0.0-use.local
  resolution: "40_Advanced_Developer_Tools@workspace:subprojects/40_Advanced_Developer_Tools"
  languageName: unknown
  linkType: soft

"41_A_Project_Skeleton@workspace:subprojects/41_A_Project_Skeleton":
  version: 0.0.0-use.local
  resolution: "41_A_Project_Skeleton@workspace:subprojects/41_A_Project_Skeleton"
  languageName: unknown
  linkType: soft

"42_Doing_Things_to_Lists@workspace:subprojects/42_Doing_Things_to_Lists":
  version: 0.0.0-use.local
  resolution: "42_Doing_Things_to_Lists@workspace:subprojects/42_Doing_Things_to_Lists"
  languageName: unknown
  linkType: soft

"43_Doing_Things_to_Dictionaries@workspace:subprojects/43_Doing_Things_to_Dictionaries":
  version: 0.0.0-use.local
  resolution: "43_Doing_Things_to_Dictionaries@workspace:subprojects/43_Doing_Things_to_Dictionaries"
  languageName: unknown
  linkType: soft

"44_From_Dictionaries_to_Objects@workspace:subprojects/44_From_Dictionaries_to_Objects":
  version: 0.0.0-use.local
  resolution: "44_From_Dictionaries_to_Objects@workspace:subprojects/44_From_Dictionaries_to_Objects"
  languageName: unknown
  linkType: soft

"45_Basic_Object_Oriented_Programming@workspace:subprojects/45_Basic_Object_Oriented_Programming":
  version: 0.0.0-use.local
  resolution: "45_Basic_Object_Oriented_Programming@workspace:subprojects/45_Basic_Object_Oriented_Programming"
  languageName: unknown
  linkType: soft

"46_Inheritance_and_Advanced_OOP@workspace:subprojects/46_Inheritance_and_Advanced_OOP":
  version: 0.0.0-use.local
  resolution: "46_Inheritance_and_Advanced_OOP@workspace:subprojects/46_Inheritance_and_Advanced_OOP"
  languageName: unknown
  linkType: soft

"47_Basic_Object_Oriented_Analysis_and_Design@workspace:subprojects/47_Basic_Object_Oriented_Analysis_and_Design":
  version: 0.0.0-use.local
  resolution: "47_Basic_Object_Oriented_Analysis_and_Design@workspace:subprojects/47_Basic_Object_Oriented_Analysis_and_Design"
  languageName: unknown
  linkType: soft

"48_Inheritance_Versus_Composition@workspace:subprojects/48_Inheritance_Versus_Composition":
  version: 0.0.0-use.local
  resolution: "48_Inheritance_Versus_Composition@workspace:subprojects/48_Inheritance_Versus_Composition"
  languageName: unknown
  linkType: soft

"49_You_Make_a_Game@workspace:subprojects/49_You_Make_a_Game":
  version: 0.0.0-use.local
  resolution: "49_You_Make_a_Game@workspace:subprojects/49_You_Make_a_Game"
  languageName: unknown
  linkType: soft

"50_Automated_Testing@workspace:subprojects/50_Automated_Testing":
  version: 0.0.0-use.local
  resolution: "50_Automated_Testing@workspace:subprojects/50_Automated_Testing"
  languageName: unknown
  linkType: soft

"51_What_is_Data_Munging@workspace:subprojects/51_What_is_Data_Munging":
  version: 0.0.0-use.local
  resolution: "51_What_is_Data_Munging@workspace:subprojects/51_What_is_Data_Munging"
  languageName: unknown
  linkType: soft

"52_Scraping_Data_from_the_Web@workspace:subprojects/52_Scraping_Data_from_the_Web":
  version: 0.0.0-use.local
  resolution: "52_Scraping_Data_from_the_Web@workspace:subprojects/52_Scraping_Data_from_the_Web"
  languageName: unknown
  linkType: soft

"53_Getting_Data_from_APIs@workspace:subprojects/53_Getting_Data_from_APIs":
  version: 0.0.0-use.local
  resolution: "53_Getting_Data_from_APIs@workspace:subprojects/53_Getting_Data_from_APIs"
  languageName: unknown
  linkType: soft

"54_Data_Conversion_with_Pandas@workspace:subprojects/54_Data_Conversion_with_Pandas":
  version: 0.0.0-use.local
  resolution: "54_Data_Conversion_with_Pandas@workspace:subprojects/54_Data_Conversion_with_Pandas"
  languageName: unknown
  linkType: soft

"55_How_to_Read_Documentation_featuring_Pandas@workspace:subprojects/55_How_to_Read_Documentation_featuring_Pandas":
  version: 0.0.0-use.local
  resolution: "55_How_to_Read_Documentation_featuring_Pandas@workspace:subprojects/55_How_to_Read_Documentation_featuring_Pandas"
  languageName: unknown
  linkType: soft

"56_Using_Only_Pandas@workspace:subprojects/56_Using_Only_Pandas":
  version: 0.0.0-use.local
  resolution: "56_Using_Only_Pandas@workspace:subprojects/56_Using_Only_Pandas"
  languageName: unknown
  linkType: soft

"57_The_SQL_Crash_Course@workspace:subprojects/57_The_SQL_Crash_Course":
  version: 0.0.0-use.local
  resolution: "57_The_SQL_Crash_Course@workspace:subprojects/57_The_SQL_Crash_Course"
  languageName: unknown
  linkType: soft

"58_SQL_Normalization@workspace:subprojects/58_SQL_Normalization":
  version: 0.0.0-use.local
  resolution: "58_SQL_Normalization@workspace:subprojects/58_SQL_Normalization"
  languageName: unknown
  linkType: soft

"59_SQL_Relationships@workspace:subprojects/59_SQL_Relationships":
  version: 0.0.0-use.local
  resolution: "59_SQL_Relationships@workspace:subprojects/59_SQL_Relationships"
  languageName: unknown
  linkType: soft

"60_Advice_from_An_Even_Older_Programmer@workspace:subprojects/60_Advice_from_An_Even_Older_Programmer":
  version: 0.0.0-use.local
  resolution: "60_Advice_from_An_Even_Older_Programmer@workspace:subprojects/60_Advice_from_An_Even_Older_Programmer"
  languageName: unknown
  linkType: soft

"LearnPythonTheHardWay@workspace:.":
  version: 0.0.0-use.local
  resolution: "LearnPythonTheHardWay@workspace:."
  languageName: unknown
  linkType: soft
